
Microsoft Visual Studio Solution File, Format Version 12.00
# Visual Studio Version 17
VisualStudioVersion = 17.14.36705.20 d17.14
MinimumVisualStudioVersion = 10.0.40219.1
Project("{FAE04EC0-301F-11D3-BF4B-00C04F79EFBC}") = "toko_sepatu", "toko_sepatu\toko_sepatu.csproj", "{61CB2FE2-9978-4B85-8E8B-66B318C39806}"
EndProject
Global
	GlobalSection(SolutionConfigurationPlatforms) = preSolution
		Debug|Any CPU = Debug|Any CPU
		Release|Any CPU = Release|Any CPU
	EndGlobalSection
	GlobalSection(ProjectConfigurationPlatforms) = postSolution
		{61CB2FE2-9978-4B85-8E8B-66B318C39806}.Debug|Any CPU.ActiveCfg = Debug|Any CPU
		{61CB2FE2-9978-4B85-8E8B-66B318C39806}.Debug|Any CPU.Build.0 = Debug|Any CPU
		{61CB2FE2-9978-4B85-8E8B-66B318C39806}.Release|Any CPU.ActiveCfg = Release|Any CPU
		{61CB2FE2-9978-4B85-8E8B-66B318C39806}.Release|Any CPU.Build.0 = Release|Any CPU
	EndGlobalSection
	GlobalSection(SolutionProperties) = preSolution
		HideSolutionNode = FALSE
	EndGlobalSection
	GlobalSection(ExtensibilityGlobals) = postSolution
		SolutionGuid = {E0CAA6A1-3ACA-4554-BEDB-E7E481148D51}
	EndGlobalSection
EndGlobal
